
Microsoft Visual Studio Solution File, Format Version 12.00
# Visual Studio Version 17
VisualStudioVersion = 17.7.34024.191
MinimumVisualStudioVersion = 10.0.40219.1
Project("{FAE04EC0-301F-11D3-BF4B-00C04F79EFBC}") = "Modul3", "Modul3\Modul3.csproj", "{2DC563CE-989F-404E-9BCB-1152F05A4DD9}"
EndProject
Global
	GlobalSection(SolutionConfigurationPlatforms) = preSolution
		Debug|Any CPU = Debug|Any CPU
		Release|Any CPU = Release|Any CPU
	EndGlobalSection
	GlobalSection(ProjectConfigurationPlatforms) = postSolution
		{2DC563CE-989F-404E-9BCB-1152F05A4DD9}.Debug|Any CPU.ActiveCfg = Debug|Any CPU
		{2DC563CE-989F-404E-9BCB-1152F05A4DD9}.Debug|Any CPU.Build.0 = Debug|Any CPU
		{2DC563CE-989F-404E-9BCB-1152F05A4DD9}.Release|Any CPU.ActiveCfg = Release|Any CPU
		{2DC563CE-989F-404E-9BCB-1152F05A4DD9}.Release|Any CPU.Build.0 = Release|Any CPU
	EndGlobalSection
	GlobalSection(SolutionProperties) = preSolution
		HideSolutionNode = FALSE
	EndGlobalSection
	GlobalSection(ExtensibilityGlobals) = postSolution
		SolutionGuid = {8D0A958A-4946-4E95-BAF6-C4B7F9C36F05}
	EndGlobalSection
EndGlobal
